{
  "requires": true,
  "lockfileVersion": 1,
  "dependencies": {
    "empty-dir": {
      "version": "0.1.0",
      "resolved": "https://registry.npmjs.org/empty-dir/-/empty-dir-0.1.0.tgz",
      "integrity": "sha1-SRW9i2N3PD9Fiy3FAznJCISchPA="
    },
    "pjs": {
      "version": "5.1.2",
      "resolved": "https://registry.npmjs.org/pjs/-/pjs-5.1.2.tgz",
      "integrity": "sha512-aoPrjtnYOknat/wiO5hyCkub7LymxSY1BN8gIsW49PfbdPyQiaU+UOo9DfSEhhl48cWLd28IwpERutBveLdQLA=="
    },
    "postgresql": {
      "version": "0.0.1",
      "resolved": "https://registry.npmjs.org/postgresql/-/postgresql-0.0.1.tgz",
      "integrity": "sha1-8HwXnZN+DFTuc1oV6y5GKxlnq3A=",
      "requires": {
        "empty-dir": "^0.1.0"
      }
    },
    "redux-thunk": {
      "version": "2.3.0",
      "resolved": "https://registry.npmjs.org/redux-thunk/-/redux-thunk-2.3.0.tgz",
      "integrity": "sha512-km6dclyFnmcvxhAcrQV2AkZmPQjzPDjgVlQtR0EQjxZPyJ0BnMf3in1ryuR8A2qU0HldVRfxYXbFSKlI3N7Slw=="
    },
    "thunk": {
      "version": "0.0.1",
      "resolved": "https://registry.npmjs.org/thunk/-/thunk-0.0.1.tgz",
      "integrity": "sha1-ZXWwC6Nv9MbF7fhPkjISI5oKfDc=",
      "requires": {
        "pjs": "*"
      }
    }
  }
}
